#MicroXplorer Configuration settings - do not modify
ADC3.Channel-0\#ChannelRegularConversion=ADC_CHANNEL_4
ADC3.Channel-1\#ChannelRegularConversion=ADC_CHANNEL_10
ADC3.ContinuousConvMode=DISABLE
ADC3.DataAlign=ADC_DATAALIGN_RIGHT
ADC3.DiscontinuousConvMode=DISABLE
ADC3.EnableAnalogWatchDog=false
ADC3.EnableRegularConversion=ENABLE
ADC3.ExternalTrigConv=ADC_SOFTWARE_START
ADC3.IPParameters=Rank-0\#ChannelRegularConversion,Channel-0\#ChannelRegularConversion,SamplingTime-0\#ChannelRegularConversion,NbrOfConversionFlag,Rank-1\#ChannelRegularConversion,Channel-1\#ChannelRegularConversion,SamplingTime-1\#ChannelRegularConversion,NbrOfConversion,DataAlign,ScanConvMode,ContinuousConvMode,DiscontinuousConvMode,EnableRegularConversion,ExternalTrigConv,InjNumberOfConversion,EnableAnalogWatchDog
ADC3.InjNumberOfConversion=0
ADC3.NbrOfConversion=2
ADC3.NbrOfConversionFlag=1
ADC3.Rank-0\#ChannelRegularConversion=1
ADC3.Rank-1\#ChannelRegularConversion=2
ADC3.SamplingTime-0\#ChannelRegularConversion=ADC_SAMPLETIME_28CYCLES_5
ADC3.SamplingTime-1\#ChannelRegularConversion=ADC_SAMPLETIME_28CYCLES_5
ADC3.ScanConvMode=ADC_SCAN_ENABLE
Dma.ADC3.0.Direction=DMA_PERIPH_TO_MEMORY
Dma.ADC3.0.Instance=DMA2_Channel5
Dma.ADC3.0.MemDataAlignment=DMA_MDATAALIGN_HALFWORD
Dma.ADC3.0.MemInc=DMA_MINC_ENABLE
Dma.ADC3.0.Mode=DMA_CIRCULAR
Dma.ADC3.0.PeriphDataAlignment=DMA_PDATAALIGN_HALFWORD
Dma.ADC3.0.PeriphInc=DMA_PINC_DISABLE
Dma.ADC3.0.Priority=DMA_PRIORITY_LOW
Dma.ADC3.0.RequestParameters=Instance,Direction,PeriphInc,MemInc,PeriphDataAlignment,MemDataAlignment,Mode,Priority
Dma.Request0=ADC3
Dma.RequestsNb=1
FREERTOS.FootprintOK=true
FREERTOS.INCLUDE_eTaskGetState=1
FREERTOS.INCLUDE_pcTaskGetTaskName=1
FREERTOS.INCLUDE_uxTaskGetStackHighWaterMark=1
FREERTOS.INCLUDE_vTaskDelayUntil=1
FREERTOS.INCLUDE_xEventGroupSetBitFromISR=1
FREERTOS.INCLUDE_xTaskGetCurrentTaskHandle=1
FREERTOS.INCLUDE_xTimerPendFunctionCall=1
FREERTOS.IPParameters=Tasks01,configTOTAL_HEAP_SIZE,configUSE_IDLE_HOOK,configUSE_MALLOC_FAILED_HOOK,configCHECK_FOR_STACK_OVERFLOW,configGENERATE_RUN_TIME_STATS,configUSE_TRACE_FACILITY,configUSE_STATS_FORMATTING_FUNCTIONS,configUSE_TIMERS,INCLUDE_pcTaskGetTaskName,INCLUDE_uxTaskGetStackHighWaterMark,INCLUDE_xTimerPendFunctionCall,INCLUDE_xEventGroupSetBitFromISR,INCLUDE_eTaskGetState,FootprintOK,configTIMER_TASK_PRIORITY,INCLUDE_vTaskDelayUntil,configUSE_TICK_HOOK,configMINIMAL_STACK_SIZE,INCLUDE_xTaskGetCurrentTaskHandle,configMAX_TASK_NAME_LEN,configTIMER_TASK_STACK_DEPTH
FREERTOS.Tasks01=defaultTask,0,256,StartDefaultTask,Default,NULL,Dynamic,NULL,NULL
FREERTOS.configCHECK_FOR_STACK_OVERFLOW=2
FREERTOS.configGENERATE_RUN_TIME_STATS=1
FREERTOS.configMAX_TASK_NAME_LEN=32
FREERTOS.configMINIMAL_STACK_SIZE=256
FREERTOS.configTIMER_TASK_PRIORITY=4
FREERTOS.configTIMER_TASK_STACK_DEPTH=256
FREERTOS.configTOTAL_HEAP_SIZE=40960
FREERTOS.configUSE_IDLE_HOOK=1
FREERTOS.configUSE_MALLOC_FAILED_HOOK=1
FREERTOS.configUSE_STATS_FORMATTING_FUNCTIONS=1
FREERTOS.configUSE_TICK_HOOK=1
FREERTOS.configUSE_TIMERS=1
FREERTOS.configUSE_TRACE_FACILITY=1
File.Version=6
IWDG.IPParameters=Prescaler,Reload
IWDG.Prescaler=IWDG_PRESCALER_4
IWDG.Reload=2499
KeepUserPlacement=true
Mcu.Family=STM32F1
Mcu.IP0=ADC3
Mcu.IP1=DMA
Mcu.IP10=USART1
Mcu.IP2=FREERTOS
Mcu.IP3=IWDG
Mcu.IP4=NVIC
Mcu.IP5=RCC
Mcu.IP6=SYS
Mcu.IP7=TIM4
Mcu.IP8=UART4
Mcu.IP9=UART5
Mcu.IPNb=11
Mcu.Name=STM32F103Z(C-D-E)Tx
Mcu.Package=LQFP144
Mcu.Pin0=PE2
Mcu.Pin1=PE3
Mcu.Pin10=PA1
Mcu.Pin11=PA2
Mcu.Pin12=PA3
Mcu.Pin13=PA5
Mcu.Pin14=PA6
Mcu.Pin15=PA7
Mcu.Pin16=PG0
Mcu.Pin17=PG1
Mcu.Pin18=PE15
Mcu.Pin19=PB10
Mcu.Pin2=PE4
Mcu.Pin20=PB11
Mcu.Pin21=PB12
Mcu.Pin22=PB13
Mcu.Pin23=PB14
Mcu.Pin24=PB15
Mcu.Pin25=PD8
Mcu.Pin26=PD9
Mcu.Pin27=PD14
Mcu.Pin28=PD15
Mcu.Pin29=PG2
Mcu.Pin3=PE6
Mcu.Pin30=PG3
Mcu.Pin31=PG4
Mcu.Pin32=PG5
Mcu.Pin33=PG6
Mcu.Pin34=PG7
Mcu.Pin35=PC6
Mcu.Pin36=PC7
Mcu.Pin37=PC8
Mcu.Pin38=PC9
Mcu.Pin39=PA9
Mcu.Pin4=PF6
Mcu.Pin40=PA10
Mcu.Pin41=PA12
Mcu.Pin42=PA13
Mcu.Pin43=PA14
Mcu.Pin44=PA15
Mcu.Pin45=PC10
Mcu.Pin46=PC11
Mcu.Pin47=PC12
Mcu.Pin48=PD1
Mcu.Pin49=PD2
Mcu.Pin5=OSC_IN
Mcu.Pin50=PB3
Mcu.Pin51=PB4
Mcu.Pin52=PB8
Mcu.Pin53=PB9
Mcu.Pin54=VP_FREERTOS_VS_ENABLE
Mcu.Pin55=VP_IWDG_VS_IWDG
Mcu.Pin56=VP_SYS_VS_Systick
Mcu.Pin6=OSC_OUT
Mcu.Pin7=PC0
Mcu.Pin8=PC2
Mcu.Pin9=PC3
Mcu.PinsNb=57
Mcu.UserConstants=
Mcu.UserName=STM32F103ZETx
MxCube.Version=4.23.0
MxDb.Version=DB.4.0.230
NVIC.BusFault_IRQn=true\:0\:0\:false\:false\:true\:false\:false
NVIC.DMA2_Channel4_5_IRQn=true\:5\:0\:false\:false\:true\:true\:false
NVIC.DebugMonitor_IRQn=true\:0\:0\:false\:false\:true\:false\:false
NVIC.HardFault_IRQn=true\:0\:0\:false\:false\:true\:false\:false
NVIC.MemoryManagement_IRQn=true\:0\:0\:false\:false\:true\:false\:false
NVIC.NonMaskableInt_IRQn=true\:0\:0\:false\:false\:true\:false\:false
NVIC.PendSV_IRQn=true\:15\:0\:false\:false\:false\:true\:false
NVIC.PriorityGroup=NVIC_PRIORITYGROUP_4
NVIC.SVCall_IRQn=true\:0\:0\:false\:false\:false\:false\:false
NVIC.SysTick_IRQn=true\:15\:0\:false\:false\:true\:true\:false
NVIC.UART5_IRQn=true\:5\:0\:false\:false\:true\:true\:true
NVIC.USART1_IRQn=true\:5\:0\:false\:false\:true\:true\:true
NVIC.UsageFault_IRQn=true\:0\:0\:false\:false\:true\:false\:false
OSC_IN.Mode=HSE-External-Oscillator
OSC_IN.Signal=RCC_OSC_IN
OSC_OUT.Mode=HSE-External-Oscillator
OSC_OUT.Signal=RCC_OSC_OUT
PA1.GPIOParameters=GPIO_Label
PA1.GPIO_Label=SYS_LED_CTL_POS
PA1.Locked=true
PA1.Signal=GPIO_Output
PA10.Mode=Asynchronous
PA10.Signal=USART1_RX
PA12.GPIOParameters=GPIO_Label
PA12.GPIO_Label=LOCK_SW_STATUS_POS
PA12.Locked=true
PA12.Signal=GPIO_Input
PA13.Mode=JTAG_5_pins
PA13.Signal=SYS_JTMS-SWDIO
PA14.Mode=JTAG_5_pins
PA14.Signal=SYS_JTCK-SWCLK
PA15.Mode=JTAG_5_pins
PA15.Signal=SYS_JTDI
PA2.GPIOParameters=GPIO_Label
PA2.GPIO_Label=LOCK_CTL_POS
PA2.Locked=true
PA2.Signal=GPIO_Output
PA3.GPIOParameters=GPIO_Label
PA3.GPIO_Label=LOCK_STATUS_POS
PA3.Locked=true
PA3.Signal=GPIO_Input
PA5.GPIOParameters=GPIO_Label
PA5.GPIO_Label=DOOR_STATUS_DWN_POS
PA5.Locked=true
PA5.Signal=GPIO_Input
PA6.GPIOParameters=PinState,GPIO_Label
PA6.GPIO_Label=DC12V_CTL_POS
PA6.Locked=true
PA6.PinState=GPIO_PIN_RESET
PA6.Signal=GPIO_Output
PA7.GPIOParameters=PinState,GPIO_Label
PA7.GPIO_Label=DC24V_CTL_POS
PA7.Locked=true
PA7.PinState=GPIO_PIN_RESET
PA7.Signal=GPIO_Output
PA9.Mode=Asynchronous
PA9.Signal=USART1_TX
PB10.GPIOParameters=GPIO_PuPd,GPIO_Label
PB10.GPIO_Label=UPS_1_STATUS_POS
PB10.GPIO_PuPd=GPIO_PULLDOWN
PB10.Locked=true
PB10.Signal=GPIO_Input
PB11.GPIOParameters=GPIO_PuPd,GPIO_Label
PB11.GPIO_Label=UPS_2_STATUS_POS
PB11.GPIO_PuPd=GPIO_PULLDOWN
PB11.Locked=true
PB11.Signal=GPIO_Input
PB12.GPIOParameters=GPIO_Label
PB12.GPIO_Label=DIGIT_LED_COM3_CTL_POS
PB12.Locked=true
PB12.Signal=GPIO_Output
PB13.GPIOParameters=GPIO_Label
PB13.GPIO_Label=DIGIT_LED_COM5_CTL_POS
PB13.Locked=true
PB13.Signal=GPIO_Output
PB14.GPIOParameters=GPIO_Label
PB14.GPIO_Label=W_T_SW_STATUS_POS
PB14.Locked=true
PB14.Signal=GPIO_Input
PB15.GPIOParameters=GPIO_Label
PB15.GPIO_Label=FUNC1_SW_STATUS_POS
PB15.Locked=true
PB15.Signal=GPIO_Input
PB3.Mode=JTAG_5_pins
PB3.Signal=SYS_JTDO-TRACESWO
PB4.Mode=JTAG_5_pins
PB4.Signal=SYS_NJTRST
PB8.GPIOParameters=GPIO_Label
PB8.GPIO_Label=LIGHT_CTL_POS
PB8.Signal=S_TIM4_CH3
PB9.GPIOParameters=GPIO_Label
PB9.GPIO_Label=FAN_CTL_POS
PB9.Locked=true
PB9.Signal=GPIO_Output
PC0.GPIOParameters=GPIO_Label
PC0.GPIO_Label=T2_SENSOR_POS
PC0.Signal=ADCx_IN10
PC10.Mode=Asynchronous
PC10.Signal=UART4_TX
PC11.Mode=Asynchronous
PC11.Signal=UART4_RX
PC12.Mode=Asynchronous
PC12.Signal=UART5_TX
PC2.GPIOParameters=GPIO_Label
PC2.GPIO_Label=AC1_CTL_POS
PC2.Locked=true
PC2.Signal=GPIO_Output
PC3.GPIOParameters=GPIO_Label
PC3.GPIO_Label=AC2_CTL_POS
PC3.Locked=true
PC3.Signal=GPIO_Output
PC6.GPIOParameters=GPIO_Label
PC6.GPIO_Label=DIGIT_LED_A_CTL_POS
PC6.Locked=true
PC6.Signal=GPIO_Output
PC7.GPIOParameters=GPIO_Label
PC7.GPIO_Label=DIGIT_LED_F_CTL_POS
PC7.Locked=true
PC7.Signal=GPIO_Output
PC8.GPIOParameters=GPIO_Label
PC8.GPIO_Label=DIGIT_LED_G_CTL_POS
PC8.Locked=true
PC8.Signal=GPIO_Output
PC9.GPIOParameters=GPIO_Label
PC9.GPIO_Label=COMPRESSOR_CTL_POS
PC9.Locked=true
PC9.Signal=GPIO_Output
PCC.Checker=false
PCC.Line=STM32F103
PCC.MCU=STM32F103Z(C-D-E)Tx
PCC.PartNumber=STM32F103ZETx
PCC.Seq0=0
PCC.Series=STM32F1
PCC.Temperature=25
PCC.Vdd=3.3
PD1.GPIOParameters=GPIO_Label
PD1.GPIO_Label=RS485_RT_CTL_POS
PD1.Locked=true
PD1.Signal=GPIO_Output
PD14.GPIOParameters=GPIO_Label
PD14.GPIO_Label=CALIBRATE_SW_STATUS_POS
PD14.Locked=true
PD14.Signal=GPIO_Input
PD15.GPIOParameters=GPIO_Label
PD15.GPIO_Label=DIGIT_LED_COM2_CTL_POS
PD15.Locked=true
PD15.Signal=GPIO_Output
PD2.Mode=Asynchronous
PD2.Signal=UART5_RX
PD8.GPIOParameters=GPIO_Label
PD8.GPIO_Label=W_SW_STATUS_POS
PD8.Locked=true
PD8.Signal=GPIO_Input
PD9.GPIOParameters=GPIO_Label
PD9.GPIO_Label=FUNC2_SW_STATUS_POS
PD9.Locked=true
PD9.Signal=GPIO_Input
PE15.GPIOParameters=GPIO_Label
PE15.GPIO_Label=GLASS_PWR_CTL_POS
PE15.Locked=true
PE15.Signal=GPIO_Output
PE2.GPIOParameters=GPIO_Label
PE2.GPIO_Label=DOOR_RED_LED_CTL_POS
PE2.Locked=true
PE2.Signal=GPIO_Output
PE3.GPIOParameters=GPIO_Label
PE3.GPIO_Label=DOOR_GREEN_LED_CTL_POS
PE3.Locked=true
PE3.Signal=GPIO_Output
PE4.GPIOParameters=GPIO_Label
PE4.GPIO_Label=DOOR_ORANGE_LED_CTL_POS
PE4.Locked=true
PE4.Signal=GPIO_Output
PE6.GPIOParameters=GPIO_Label
PE6.GPIO_Label=DOOR_STATUS_UP_POS
PE6.Locked=true
PE6.Signal=GPIO_Input
PF6.GPIOParameters=GPIO_Label
PF6.GPIO_Label=T1_SENSOR_POS
PF6.Locked=true
PF6.Mode=IN4
PF6.Signal=ADC3_IN4
PG0.GPIOParameters=GPIO_Label
PG0.GPIO_Label=DIGIT_LED_COM6_CTL_POS
PG0.Locked=true
PG0.Signal=GPIO_Output
PG1.GPIOParameters=GPIO_Label
PG1.GPIO_Label=DIGIT_LED_COM4_CTL_POS
PG1.Locked=true
PG1.Signal=GPIO_Output
PG2.GPIOParameters=GPIO_Label
PG2.GPIO_Label=DIGIT_LED_COM1_CTL_POS
PG2.Locked=true
PG2.Signal=GPIO_Output
PG3.GPIOParameters=GPIO_Label
PG3.GPIO_Label=DIGIT_LED_C_CTL_POS
PG3.Locked=true
PG3.Signal=GPIO_Output
PG4.GPIOParameters=GPIO_Label
PG4.GPIO_Label=DIGIT_LED_E_CTL_POS
PG4.Locked=true
PG4.Signal=GPIO_Output
PG5.GPIOParameters=GPIO_Label
PG5.GPIO_Label=DIGIT_LED_DP_CTL_POS
PG5.Locked=true
PG5.Signal=GPIO_Output
PG6.GPIOParameters=GPIO_Label
PG6.GPIO_Label=DIGIT_LED_D_CTL_POS
PG6.Locked=true
PG6.Signal=GPIO_Output
PG7.GPIOParameters=GPIO_Label
PG7.GPIO_Label=DIGIT_LED_B_CTL_POS
PG7.Locked=true
PG7.Signal=GPIO_Output
PinOutPanel.RotationAngle=0
ProjectManager.AskForMigrate=true
ProjectManager.BackupPrevious=false
ProjectManager.CompilerOptimize=2
ProjectManager.ComputerToolchain=false
ProjectManager.CoupleFile=true
ProjectManager.CustomerFirmwarePackage=C\:/Users/wkxbo/STM32Cube/Repository/STM32Cube_FW_F1_V1.6.0
ProjectManager.DefaultFWLocation=true
ProjectManager.DeletePrevious=true
ProjectManager.DeviceId=STM32F103ZETx
ProjectManager.FirmwarePackage=STM32Cube FW_F1 V1.6.0
ProjectManager.FreePins=false
ProjectManager.HalAssertFull=true
ProjectManager.HeapSize=0x00
ProjectManager.KeepUserCode=true
ProjectManager.LastFirmware=true
ProjectManager.LibraryCopy=0
ProjectManager.PreviousToolchain=
ProjectManager.ProjectBuild=false
ProjectManager.ProjectFileName=fortuna.ioc
ProjectManager.ProjectName=fortuna
ProjectManager.StackSize=0x400
ProjectManager.TargetToolchain=EWARM
ProjectManager.ToolChainLocation=
ProjectManager.UnderRoot=false
ProjectManager.functionlistsort=1-MX_GPIO_Init-GPIO-false-HAL,2-MX_DMA_Init-DMA-false-HAL,3-SystemClock_Config-RCC-false-HAL,4-MX_USART1_UART_Init-USART1-false-HAL,5-MX_IWDG_Init-IWDG-false-HAL,6-MX_ADC3_Init-ADC3-false-HAL,7-MX_UART5_Init-UART5-false-HAL,8-MX_UART4_Init-UART4-false-HAL,9-MX_TIM4_Init-TIM4-false-HAL
RCC.ADCFreqValue=12000000
RCC.ADCPresc=RCC_ADCPCLK2_DIV6
RCC.AHBFreq_Value=72000000
RCC.APB1CLKDivider=RCC_HCLK_DIV2
RCC.APB1Freq_Value=36000000
RCC.APB1TimFreq_Value=72000000
RCC.APB2Freq_Value=72000000
RCC.APB2TimFreq_Value=72000000
RCC.FCLKCortexFreq_Value=72000000
RCC.FSMCFreq_Value=72000000
RCC.FamilyName=M
RCC.HCLKFreq_Value=72000000
RCC.I2S2Freq_Value=72000000
RCC.I2S3Freq_Value=72000000
RCC.IPParameters=ADCFreqValue,ADCPresc,AHBFreq_Value,APB1CLKDivider,APB1Freq_Value,APB1TimFreq_Value,APB2Freq_Value,APB2TimFreq_Value,FCLKCortexFreq_Value,FSMCFreq_Value,FamilyName,HCLKFreq_Value,I2S2Freq_Value,I2S3Freq_Value,MCOFreq_Value,PLLCLKFreq_Value,PLLMCOFreq_Value,PLLMUL,PLLSourceVirtual,SDIOFreq_Value,SDIOHCLKDiv2FreqValue,SYSCLKFreq_VALUE,SYSCLKSource,TimSysFreq_Value,USBFreq_Value,VCOOutput2Freq_Value
RCC.MCOFreq_Value=72000000
RCC.PLLCLKFreq_Value=72000000
RCC.PLLMCOFreq_Value=36000000
RCC.PLLMUL=RCC_PLL_MUL9
RCC.PLLSourceVirtual=RCC_PLLSOURCE_HSE
RCC.SDIOFreq_Value=72000000
RCC.SDIOHCLKDiv2FreqValue=36000000
RCC.SYSCLKFreq_VALUE=72000000
RCC.SYSCLKSource=RCC_SYSCLKSOURCE_PLLCLK
RCC.TimSysFreq_Value=72000000
RCC.USBFreq_Value=72000000
RCC.VCOOutput2Freq_Value=8000000
SH.ADCx_IN10.0=ADC3_IN10,IN10
SH.ADCx_IN10.ConfNb=1
SH.S_TIM4_CH3.0=TIM4_CH3,PWM Generation3 CH3
SH.S_TIM4_CH3.ConfNb=1
TIM4.Channel-PWM\ Generation3\ CH3=TIM_CHANNEL_3
TIM4.IPParameters=Channel-PWM Generation3 CH3,Prescaler,Period,Pulse-PWM Generation3 CH3
TIM4.Period=3999
TIM4.Prescaler=71
TIM4.Pulse-PWM\ Generation3\ CH3=2999
UART4.IPParameters=VirtualMode
UART4.VirtualMode=Asynchronous
UART5.IPParameters=VirtualMode
UART5.VirtualMode=Asynchronous
USART1.IPParameters=VirtualMode
USART1.VirtualMode=VM_ASYNC
VP_FREERTOS_VS_ENABLE.Mode=Enabled
VP_FREERTOS_VS_ENABLE.Signal=FREERTOS_VS_ENABLE
VP_IWDG_VS_IWDG.Mode=IWDG_Activate
VP_IWDG_VS_IWDG.Signal=IWDG_VS_IWDG
VP_SYS_VS_Systick.Mode=SysTick
VP_SYS_VS_Systick.Signal=SYS_VS_Systick
board=fortuna
